
Microsoft Visual Studio Solution File, Format Version 12.00
# Visual Studio Version 17
VisualStudioVersion = 17.3.32804.467
MinimumVisualStudioVersion = 10.0.40219.1
Project("{9A19103F-16F7-4668-BE54-9A1E7A4F7556}") = "WebAppDETAug2022", "WebAppDETAug2022\WebAppDETAug2022.csproj", "{5A2EA06C-044D-468A-AFBE-AB3A4CDA6E89}"
EndProject
Project("{9A19103F-16F7-4668-BE54-9A1E7A4F7556}") = "MVCDemo", "MVCDemo\MVCDemo.csproj", "{FFD92587-1944-4F07-B190-8B1A1DE863AB}"
EndProject
Project("{9A19103F-16F7-4668-BE54-9A1E7A4F7556}") = "APIDemo", "APIDemo\APIDemo.csproj", "{4C5DD7D8-F188-48B5-8798-BB0DCB74A89A}"
EndProject
Project("{9A19103F-16F7-4668-BE54-9A1E7A4F7556}") = "ConsoleAPIClient", "ConsoleAPIClient\ConsoleAPIClient.csproj", "{DED4223A-4877-4A2E-B1B8-0825CB42A8E9}"
EndProject
Project("{FAE04EC0-301F-11D3-BF4B-00C04F79EFBC}") = "xUnitTestDemo", "xUnitTestDemo\xUnitTestDemo.csproj", "{13C3C286-3B55-426F-ADD8-FCB366E61383}"
EndProject
Project("{FAE04EC0-301F-11D3-BF4B-00C04F79EFBC}") = "PizzaClass_Lib", "PizzaClass_Lib\PizzaClass_Lib.csproj", "{91FF8A56-FC9B-4FB0-8652-165AFA303FA2}"
EndProject
Global
	GlobalSection(SolutionConfigurationPlatforms) = preSolution
		Debug|Any CPU = Debug|Any CPU
		Release|Any CPU = Release|Any CPU
	EndGlobalSection
	GlobalSection(ProjectConfigurationPlatforms) = postSolution
		{5A2EA06C-044D-468A-AFBE-AB3A4CDA6E89}.Debug|Any CPU.ActiveCfg = Debug|Any CPU
		{5A2EA06C-044D-468A-AFBE-AB3A4CDA6E89}.Debug|Any CPU.Build.0 = Debug|Any CPU
		{5A2EA06C-044D-468A-AFBE-AB3A4CDA6E89}.Release|Any CPU.ActiveCfg = Release|Any CPU
		{5A2EA06C-044D-468A-AFBE-AB3A4CDA6E89}.Release|Any CPU.Build.0 = Release|Any CPU
		{FFD92587-1944-4F07-B190-8B1A1DE863AB}.Debug|Any CPU.ActiveCfg = Debug|Any CPU
		{FFD92587-1944-4F07-B190-8B1A1DE863AB}.Debug|Any CPU.Build.0 = Debug|Any CPU
		{FFD92587-1944-4F07-B190-8B1A1DE863AB}.Release|Any CPU.ActiveCfg = Release|Any CPU
		{FFD92587-1944-4F07-B190-8B1A1DE863AB}.Release|Any CPU.Build.0 = Release|Any CPU
		{4C5DD7D8-F188-48B5-8798-BB0DCB74A89A}.Debug|Any CPU.ActiveCfg = Debug|Any CPU
		{4C5DD7D8-F188-48B5-8798-BB0DCB74A89A}.Debug|Any CPU.Build.0 = Debug|Any CPU
		{4C5DD7D8-F188-48B5-8798-BB0DCB74A89A}.Release|Any CPU.ActiveCfg = Release|Any CPU
		{4C5DD7D8-F188-48B5-8798-BB0DCB74A89A}.Release|Any CPU.Build.0 = Release|Any CPU
		{DED4223A-4877-4A2E-B1B8-0825CB42A8E9}.Debug|Any CPU.ActiveCfg = Debug|Any CPU
		{DED4223A-4877-4A2E-B1B8-0825CB42A8E9}.Debug|Any CPU.Build.0 = Debug|Any CPU
		{DED4223A-4877-4A2E-B1B8-0825CB42A8E9}.Release|Any CPU.ActiveCfg = Release|Any CPU
		{DED4223A-4877-4A2E-B1B8-0825CB42A8E9}.Release|Any CPU.Build.0 = Release|Any CPU
		{13C3C286-3B55-426F-ADD8-FCB366E61383}.Debug|Any CPU.ActiveCfg = Debug|Any CPU
		{13C3C286-3B55-426F-ADD8-FCB366E61383}.Debug|Any CPU.Build.0 = Debug|Any CPU
		{13C3C286-3B55-426F-ADD8-FCB366E61383}.Release|Any CPU.ActiveCfg = Release|Any CPU
		{13C3C286-3B55-426F-ADD8-FCB366E61383}.Release|Any CPU.Build.0 = Release|Any CPU
		{91FF8A56-FC9B-4FB0-8652-165AFA303FA2}.Debug|Any CPU.ActiveCfg = Debug|Any CPU
		{91FF8A56-FC9B-4FB0-8652-165AFA303FA2}.Debug|Any CPU.Build.0 = Debug|Any CPU
		{91FF8A56-FC9B-4FB0-8652-165AFA303FA2}.Release|Any CPU.ActiveCfg = Release|Any CPU
		{91FF8A56-FC9B-4FB0-8652-165AFA303FA2}.Release|Any CPU.Build.0 = Release|Any CPU
	EndGlobalSection
	GlobalSection(SolutionProperties) = preSolution
		HideSolutionNode = FALSE
	EndGlobalSection
	GlobalSection(ExtensibilityGlobals) = postSolution
		SolutionGuid = {C84C7F98-4E1B-4EE6-914C-B7F98EF7E834}
	EndGlobalSection
EndGlobal
